// !$*UTF8*$!
{
	archiveVersion = 1;
	classes = {
	};
	objectVersion = 50;
	objects = {

/* Begin PBXBuildFile section */
		5E41A57221931BD200E3EBFA /* AppDelegate.swift in Sources */ = {isa = PBXBuildFile; fileRef = 5E41A57121931BD200E3EBFA /* AppDelegate.swift */; };
		5E41A57421931BD200E3EBFA /* GameViewController.swift in Sources */ = {isa = PBXBuildFile; fileRef = 5E41A57321931BD200E3EBFA /* GameViewController.swift */; };
		5E41A57721931BD200E3EBFA /* Main.storyboard in Resources */ = {isa = PBXBuildFile; fileRef = 5E41A57521931BD200E3EBFA /* Main.storyboard */; };
		5E41A57921931BD400E3EBFA /* Assets.xcassets in Resources */ = {isa = PBXBuildFile; fileRef = 5E41A57821931BD400E3EBFA /* Assets.xcassets */; };
		5E41A57C21931BD400E3EBFA /* LaunchScreen.storyboard in Resources */ = {isa = PBXBuildFile; fileRef = 5E41A57A21931BD400E3EBFA /* LaunchScreen.storyboard */; };
		5EACD4582196B0AA00B05963 /* PlayerListViewController.swift in Sources */ = {isa = PBXBuildFile; fileRef = 5EACD4572196B0AA00B05963 /* PlayerListViewController.swift */; };
		5EACD45A2196C12700B05963 /* GameModeViewController.swift in Sources */ = {isa = PBXBuildFile; fileRef = 5EACD4592196C12700B05963 /* GameModeViewController.swift */; };
/* End PBXBuildFile section */

/* Begin PBXFileReference section */
		5E41A56E21931BD200E3EBFA /* Soda Shake.app */ = {isa = PBXFileReference; explicitFileType = wrapper.application; includeInIndex = 0; path = "Soda Shake.app"; sourceTree = BUILT_PRODUCTS_DIR; };
		5E41A57121931BD200E3EBFA /* AppDelegate.swift */ = {isa = PBXFileReference; lastKnownFileType = sourcecode.swift; path = AppDelegate.swift; sourceTree = "<group>"; };
		5E41A57321931BD200E3EBFA /* GameViewController.swift */ = {isa = PBXFileReference; lastKnownFileType = sourcecode.swift; path = GameViewController.swift; sourceTree = "<group>"; };
		5E41A57621931BD200E3EBFA /* Base */ = {isa = PBXFileReference; lastKnownFileType = file.storyboard; name = Base; path = Base.lproj/Main.storyboard; sourceTree = "<group>"; };
		5E41A57821931BD400E3EBFA /* Assets.xcassets */ = {isa = PBXFileReference; lastKnownFileType = folder.assetcatalog; path = Assets.xcassets; sourceTree = "<group>"; };
		5E41A57B21931BD400E3EBFA /* Base */ = {isa = PBXFileReference; lastKnownFileType = file.storyboard; name = Base; path = Base.lproj/LaunchScreen.storyboard; sourceTree = "<group>"; };
		5E41A57D21931BD400E3EBFA /* Info.plist */ = {isa = PBXFileReference; lastKnownFileType = text.plist.xml; path = Info.plist; sourceTree = "<group>"; };
		5EACD4572196B0AA00B05963 /* PlayerListViewController.swift */ = {isa = PBXFileReference; lastKnownFileType = sourcecode.swift; path = PlayerListViewController.swift; sourceTree = "<group>"; };
		5EACD4592196C12700B05963 /* GameModeViewController.swift */ = {isa = PBXFileReference; lastKnownFileType = sourcecode.swift; path = GameModeViewController.swift; sourceTree = "<group>"; };
/* End PBXFileReference section */

/* Begin PBXFrameworksBuildPhase section */
		5E41A56B21931BD200E3EBFA /* Frameworks */ = {
			isa = PBXFrameworksBuildPhase;
			buildActionMask = 2147483647;
			files = (
			);
			runOnlyForDeploymentPostprocessing = 0;
		};
/* End PBXFrameworksBuildPhase section */

/* Begin PBXGroup section */
		5E41A56521931BD200E3EBFA = {
			isa = PBXGroup;
			children = (
				5E41A57021931BD200E3EBFA /* Soda Shake */,
				5E41A56F21931BD200E3EBFA /* Products */,
			);
			sourceTree = "<group>";
		};
		5E41A56F21931BD200E3EBFA /* Products */ = {
			isa = PBXGroup;
			children = (
				5E41A56E21931BD200E3EBFA /* Soda Shake.app */,
			);
			name = Products;
			sourceTree = "<group>";
		};
		5E41A57021931BD200E3EBFA /* Soda Shake */ = {
			isa = PBXGroup;
			children = (
				5E41A57121931BD200E3EBFA /* AppDelegate.swift */,
				5E41A57321931BD200E3EBFA /* GameViewController.swift */,
				5EACD4592196C12700B05963 /* GameModeViewController.swift */,
				5EACD4572196B0AA00B05963 /* PlayerListViewController.swift */,
				5E41A57521931BD200E3EBFA /* Main.storyboard */,
				5E41A57821931BD400E3EBFA /* Assets.xcassets */,
				5E41A57A21931BD400E3EBFA /* LaunchScreen.storyboard */,
				5E41A57D21931BD400E3EBFA /* Info.plist */,
			);
			path = "Soda Shake";
			sourceTree = "<group>";
		};
/* End PBXGroup section */

/* Begin PBXNativeTarget section */
		5E41A56D21931BD200E3EBFA /* Soda Shake */ = {
			isa = PBXNativeTarget;
			buildConfigurationList = 5E41A58021931BD400E3EBFA /* Build configuration list for PBXNativeTarget "Soda Shake" */;
			buildPhases = (
				5E41A56A21931BD200E3EBFA /* Sources */,
				5E41A56B21931BD200E3EBFA /* Frameworks */,
				5E41A56C21931BD200E3EBFA /* Resources */,
			);
			buildRules = (
			);
			dependencies = (
			);
			name = "Soda Shake";
			productName = "Soda Shake";
			productReference = 5E41A56E21931BD200E3EBFA /* Soda Shake.app */;
			productType = "com.apple.product-type.application";
		};
/* End PBXNativeTarget section */

/* Begin PBXProject section */
		5E41A56621931BD200E3EBFA /* Project object */ = {
			isa = PBXProject;
			attributes = {
				LastSwiftUpdateCheck = 1000;
				LastUpgradeCheck = 1000;
				ORGANIZATIONNAME = JeremyXue;
				TargetAttributes = {
					5E41A56D21931BD200E3EBFA = {
						CreatedOnToolsVersion = 10.0;
					};
				};
			};
			buildConfigurationList = 5E41A56921931BD200E3EBFA /* Build configuration list for PBXProject "Soda Shake" */;
			compatibilityVersion = "Xcode 9.3";
			developmentRegion = en;
			hasScannedForEncodings = 0;
			knownRegions = (
				en,
				Base,
			);
			mainGroup = 5E41A56521931BD200E3EBFA;
			productRefGroup = 5E41A56F21931BD200E3EBFA /* Products */;
			projectDirPath = "";
			projectRoot = "";
			targets = (
				5E41A56D21931BD200E3EBFA /* Soda Shake */,
			);
		};
/* End PBXProject section */

/* Begin PBXResourcesBuildPhase section */
		5E41A56C21931BD200E3EBFA /* Resources */ = {
			isa = PBXResourcesBuildPhase;
			buildActionMask = 2147483647;
			files = (
				5E41A57C21931BD400E3EBFA /* LaunchScreen.storyboard in Resources */,
				5E41A57921931BD400E3EBFA /* Assets.xcassets in Resources */,
				5E41A57721931BD200E3EBFA /* Main.storyboard in Resources */,
			);
			runOnlyForDeploymentPostprocessing = 0;
		};
/* End PBXResourcesBuildPhase section */

/* Begin PBXSourcesBuildPhase section */
		5E41A56A21931BD200E3EBFA /* Sources */ = {
			isa = PBXSourcesBuildPhase;
			buildActionMask = 2147483647;
			files = (
				5E41A57421931BD200E3EBFA /* GameViewController.swift in Sources */,
				5EACD45A2196C12700B05963 /* GameModeViewController.swift in Sources */,
				5EACD4582196B0AA00B05963 /* PlayerListViewController.swift in Sources */,
				5E41A57221931BD200E3EBFA /* AppDelegate.swift in Sources */,
			);
			runOnlyForDeploymentPostprocessing = 0;
		};
/* End PBXSourcesBuildPhase section */

/* Begin PBXVariantGroup section */
		5E41A57521931BD200E3EBFA /* Main.storyboard */ = {
			isa = PBXVariantGroup;
			children = (
				5E41A57621931BD200E3EBFA /* Base */,
			);
			name = Main.storyboard;
			sourceTree = "<group>";
		};
		5E41A57A21931BD400E3EBFA /* LaunchScreen.storyboard */ = {
			isa = PBXVariantGroup;
			children = (
				5E41A57B21931BD400E3EBFA /* Base */,
			);
			name = LaunchScreen.storyboard;
			sourceTree = "<group>";
		};
/* End PBXVariantGroup section */

/* Begin XCBuildConfiguration section */
		5E41A57E21931BD400E3EBFA /* Debug */ = {
			isa = XCBuildConfiguration;
			buildSettings = {
				ALWAYS_SEARCH_USER_PATHS = NO;
				CLANG_ANALYZER_NONNULL = YES;
				CLANG_ANALYZER_NUMBER_OBJECT_CONVERSION = YES_AGGRESSIVE;
				CLANG_CXX_LANGUAGE_STANDARD = "gnu++14";
				CLANG_CXX_LIBRARY = "libc++";
				CLANG_ENABLE_MODULES = YES;
				CLANG_ENABLE_OBJC_ARC = YES;
				CLANG_ENABLE_OBJC_WEAK = YES;
				CLANG_WARN_BLOCK_CAPTURE_AUTORELEASING = YES;
				CLANG_WARN_BOOL_CONVERSION = YES;
				CLANG_WARN_COMMA = YES;
				CLANG_WARN_CONSTANT_CONVERSION = YES;
				CLANG_WARN_DEPRECATED_OBJC_IMPLEMENTATIONS = YES;
				CLANG_WARN_DIRECT_OBJC_ISA_USAGE = YES_ERROR;
				CLANG_WARN_DOCUMENTATION_COMMENTS = YES;
				CLANG_WARN_EMPTY_BODY = YES;
				CLANG_WARN_ENUM_CONVERSION = YES;
				CLANG_WARN_INFINITE_RECURSION = YES;
				CLANG_WARN_INT_CONVERSION = YES;
				CLANG_WARN_NON_LITERAL_NULL_CONVERSION = YES;
				CLANG_WARN_OBJC_IMPLICIT_RETAIN_SELF = YES;
				CLANG_WARN_OBJC_LITERAL_CONVERSION = YES;
				CLANG_WARN_OBJC_ROOT_CLASS = YES_ERROR;
				CLANG_WARN_RANGE_LOOP_ANALYSIS = YES;
				CLANG_WARN_STRICT_PROTOTYPES = YES;
				CLANG_WARN_SUSPICIOUS_MOVE = YES;
				CLANG_WARN_UNGUARDED_AVAILABILITY = YES_AGGRESSIVE;
				CLANG_WARN_UNREACHABLE_CODE = YES;
				CLANG_WARN__DUPLICATE_METHOD_MATCH = YES;
				CODE_SIGN_IDENTITY = "iPhone Developer";
				COPY_PHASE_STRIP = NO;
				DEBUG_INFORMATION_FORMAT = dwarf;
				ENABLE_STRICT_OBJC_MSGSEND = YES;
				ENABLE_TESTABILITY = YES;
				GCC_C_LANGUAGE_STANDARD = gnu11;
				GCC_DYNAMIC_NO_PIC = NO;
				GCC_NO_COMMON_BLOCKS = YES;
				GCC_OPTIMIZATION_LEVEL = 0;
				GCC_PREPROCESSOR_DEFINITIONS = (
					"DEBUG=1",
					"$(inherited)",
				);
				GCC_WARN_64_TO_32_BIT_CONVERSION = YES;
				GCC_WARN_ABOUT_RETURN_TYPE = YES_ERROR;
				GCC_WARN_UNDECLARED_SELECTOR = YES;
				GCC_WARN_UNINITIALIZED_AUTOS = YES_AGGRESSIVE;
				GCC_WARN_UNUSED_FUNCTION = YES;
				GCC_WARN_UNUSED_VARIABLE = YES;
				IPHONEOS_DEPLOYMENT_TARGET = 12.0;
				MTL_ENABLE_DEBUG_INFO = INCLUDE_SOURCE;
				MTL_FAST_MATH = YES;
				ONLY_ACTIVE_ARCH = YES;
				SDKROOT = iphoneos;
				SWIFT_ACTIVE_COMPILATION_CONDITIONS = DEBUG;
				SWIFT_OPTIMIZATION_LEVEL = "-Onone";
			};
			name = Debug;
		};
		5E41A57F21931BD400E3EBFA /* Release */ = {
			isa = XCBuildConfiguration;
			buildSettings = {
				ALWAYS_SEARCH_USER_PATHS = NO;
				CLANG_ANALYZER_NONNULL = YES;
				CLANG_ANALYZER_NUMBER_OBJECT_CONVERSION = YES_AGGRESSIVE;
				CLANG_CXX_LANGUAGE_STANDARD = "gnu++14";
				CLANG_CXX_LIBRARY = "libc++";
				CLANG_ENABLE_MODULES = YES;
				CLANG_ENABLE_OBJC_ARC = YES;
				CLANG_ENABLE_OBJC_WEAK = YES;
				CLANG_WARN_BLOCK_CAPTURE_AUTORELEASING = YES;
				CLANG_WARN_BOOL_CONVERSION = YES;
				CLANG_WARN_COMMA = YES;
				CLANG_WARN_CONSTANT_CONVERSION = YES;
				CLANG_WARN_DEPRECATED_OBJC_IMPLEMENTATIONS = YES;
				CLANG_WARN_DIRECT_OBJC_ISA_USAGE = YES_ERROR;
				CLANG_WARN_DOCUMENTATION_COMMENTS = YES;
				CLANG_WARN_EMPTY_BODY = YES;
				CLANG_WARN_ENUM_CONVERSION = YES;
				CLANG_WARN_INFINITE_RECURSION = YES;
				CLANG_WARN_INT_CONVERSION = YES;
				CLANG_WARN_NON_LITERAL_NULL_CONVERSION = YES;
				CLANG_WARN_OBJC_IMPLICIT_RETAIN_SELF = YES;
				CLANG_WARN_OBJC_LITERAL_CONVERSION = YES;
				CLANG_WARN_OBJC_ROOT_CLASS = YES_ERROR;
				CLANG_WARN_RANGE_LOOP_ANALYSIS = YES;
				CLANG_WARN_STRICT_PROTOTYPES = YES;
				CLANG_WARN_SUSPICIOUS_MOVE = YES;
				CLANG_WARN_UNGUARDED_AVAILABILITY = YES_AGGRESSIVE;
				CLANG_WARN_UNREACHABLE_CODE = YES;
				CLANG_WARN__DUPLICATE_METHOD_MATCH = YES;
				CODE_SIGN_IDENTITY = "iPhone Developer";
				COPY_PHASE_STRIP = NO;
				DEBUG_INFORMATION_FORMAT = "dwarf-with-dsym";
				ENABLE_NS_ASSERTIONS = NO;
				ENABLE_STRICT_OBJC_MSGSEND = YES;
				GCC_C_LANGUAGE_STANDARD = gnu11;
				GCC_NO_COMMON_BLOCKS = YES;
				GCC_WARN_64_TO_32_BIT_CONVERSION = YES;
				GCC_WARN_ABOUT_RETURN_TYPE = YES_ERROR;
				GCC_WARN_UNDECLARED_SELECTOR = YES;
				GCC_WARN_UNINITIALIZED_AUTOS = YES_AGGRESSIVE;
				GCC_WARN_UNUSED_FUNCTION = YES;
				GCC_WARN_UNUSED_VARIABLE = YES;
				IPHONEOS_DEPLOYMENT_TARGET = 12.0;
				MTL_ENABLE_DEBUG_INFO = NO;
				MTL_FAST_MATH = YES;
				SDKROOT = iphoneos;
				SWIFT_COMPILATION_MODE = wholemodule;
				SWIFT_OPTIMIZATION_LEVEL = "-O";
				VALIDATE_PRODUCT = YES;
			};
			name = Release;
		};
		5E41A58121931BD400E3EBFA /* Debug */ = {
			isa = XCBuildConfiguration;
			buildSettings = {
				ASSETCATALOG_COMPILER_APPICON_NAME = AppIcon;
				CODE_SIGN_STYLE = Automatic;
				DEVELOPMENT_TEAM = 4PAC9XA99N;
				INFOPLIST_FILE = "Soda Shake/Info.plist";
				IPHONEOS_DEPLOYMENT_TARGET = 11.0;
				LD_RUNPATH_SEARCH_PATHS = (
					"$(inherited)",
					"@executable_path/Frameworks",
				);
				PRODUCT_BUNDLE_IDENTIFIER = "com.JeremyXue.Soda-Shake";
				PRODUCT_NAME = "$(TARGET_NAME)";
				SWIFT_VERSION = 4.2;
				TARGETED_DEVICE_FAMILY = "1,2";
			};
			name = Debug;
		};
		5E41A58221931BD400E3EBFA /* Release */ = {
			isa = XCBuildConfiguration;
			buildSettings = {
				ASSETCATALOG_COMPILER_APPICON_NAME = AppIcon;
				CODE_SIGN_STYLE = Automatic;
				DEVELOPMENT_TEAM = 4PAC9XA99N;
				INFOPLIST_FILE = "Soda Shake/Info.plist";
				IPHONEOS_DEPLOYMENT_TARGET = 11.0;
				LD_RUNPATH_SEARCH_PATHS = (
					"$(inherited)",
					"@executable_path/Frameworks",
				);
				PRODUCT_BUNDLE_IDENTIFIER = "com.JeremyXue.Soda-Shake";
				PRODUCT_NAME = "$(TARGET_NAME)";
				SWIFT_VERSION = 4.2;
				TARGETED_DEVICE_FAMILY = "1,2";
			};
			name = Release;
		};
/* End XCBuildConfiguration section */

/* Begin XCConfigurationList section */
		5E41A56921931BD200E3EBFA /* Build configuration list for PBXProject "Soda Shake" */ = {
			isa = XCConfigurationList;
			buildConfigurations = (
				5E41A57E21931BD400E3EBFA /* Debug */,
				5E41A57F21931BD400E3EBFA /* Release */,
			);
			defaultConfigurationIsVisible = 0;
			defaultConfigurationName = Release;
		};
		5E41A58021931BD400E3EBFA /* Build configuration list for PBXNativeTarget "Soda Shake" */ = {
			isa = XCConfigurationList;
			buildConfigurations = (
				5E41A58121931BD400E3EBFA /* Debug */,
				5E41A58221931BD400E3EBFA /* Release */,
			);
			defaultConfigurationIsVisible = 0;
			defaultConfigurationName = Release;
		};
/* End XCConfigurationList section */
	};
	rootObject = 5E41A56621931BD200E3EBFA /* Project object */;
}
